{
  "name": "ishtaran-node-consumer-sample",
  "version": "1.0.0",
  "lockfileVersion": 3,
  "requires": true,
  "packages": {
    "": {
      "name": "ishtaran-node-consumer-sample",
      "version": "1.0.0",
      "dependencies": {
        "@ishtaran/sdk": "file:ishtaran-sdk-1.0.0-SNAPSHOT.tgz"
      }
    },
    "node_modules/@ishtaran/sdk": {
      "version": "1.0.0-SNAPSHOT",
      "resolved": "file:ishtaran-sdk-1.0.0-SNAPSHOT.tgz",
      "integrity": "sha512-/dvjJF8g1xW49aKSD4MA4WzJ4WtWj5BCiyiMf3yOgt0tg8c6Wwq55pLPCI4WX+dWEYcqCkp5IKmOqSFIl++TTQ==",
      "license": "UNLICENSED",
      "dependencies": {
        "lossless-json": "^4.0.2"
      },
      "engines": {
        "node": ">=18"
      }
    },
    "node_modules/lossless-json": {
      "version": "4.3.1",
      "resolved": "https://registry.npmjs.org/lossless-json/-/lossless-json-4.3.1.tgz",
      "integrity": "sha512-SqD/Bg3ZfltBJ2Z14hJ/BihnvtV553WO4g9/ePtlp4lrnl9jF3AdIJt53A/Wkg/0Li+LMfxaBqgx1MiFZdQlpQ==",
      "license": "MIT"
    }
  }
}
