{
  "name": "ishtaran-node-consumer-sample",
  "version": "1.0.0",
  "lockfileVersion": 3,
  "requires": true,
  "packages": {
    "": {
      "name": "ishtaran-node-consumer-sample",
      "version": "1.0.0",
      "dependencies": {
        "@ishtaran/sdk": "file:ishtaran-sdk-1.0.0-SNAPSHOT.tgz"
      }
    },
    "node_modules/@ishtaran/sdk": {
      "version": "1.0.0-SNAPSHOT",
      "resolved": "file:ishtaran-sdk-1.0.0-SNAPSHOT.tgz",
      "integrity": "sha512-t8iOht533ENstP1qkL+1LHau7vKM+bgQBzceG/WLBro/Jly/pmxi55it4knbX0BM6m96zj/Oaxl4XP0+BRRmAw==",
      "license": "Apache-2.0",
      "dependencies": {
        "@noble/hashes": "^1.8.0",
        "@noble/secp256k1": "^2.3.0",
        "@scure/base": "^1.2.6",
        "@scure/bip32": "^1.7.0",
        "@scure/bip39": "^1.6.0",
        "lossless-json": "^4.0.2"
      },
      "engines": {
        "node": ">=18"
      }
    },
    "node_modules/@noble/curves": {
      "version": "1.9.7",
      "resolved": "https://registry.npmjs.org/@noble/curves/-/curves-1.9.7.tgz",
      "integrity": "sha512-gbKGcRUYIjA3/zCCNaWDciTMFI0dCkvou3TL8Zmy5Nc7sJ47a0jtOeZoTaMxkuqRo9cRhjOdZJXegxYE5FN/xw==",
      "license": "MIT",
      "dependencies": {
        "@noble/hashes": "1.8.0"
      },
      "engines": {
        "node": "^14.21.3 || >=16"
      },
      "funding": {
        "url": "https://paulmillr.com/funding/"
      }
    },
    "node_modules/@noble/hashes": {
      "version": "1.8.0",
      "resolved": "https://registry.npmjs.org/@noble/hashes/-/hashes-1.8.0.tgz",
      "integrity": "sha512-jCs9ldd7NwzpgXDIf6P3+NrHh9/sD6CQdxHyjQI+h/6rDNo88ypBxxz45UDuZHz9r3tNz7N/VInSVoVdtXEI4A==",
      "license": "MIT",
      "engines": {
        "node": "^14.21.3 || >=16"
      },
      "funding": {
        "url": "https://paulmillr.com/funding/"
      }
    },
    "node_modules/@noble/secp256k1": {
      "version": "2.3.0",
      "resolved": "https://registry.npmjs.org/@noble/secp256k1/-/secp256k1-2.3.0.tgz",
      "integrity": "sha512-0TQed2gcBbIrh7Ccyw+y/uZQvbJwm7Ao4scBUxqpBCcsOlZG0O4KGfjtNAy/li4W8n1xt3dxrwJ0beZ2h2G6Kw==",
      "license": "MIT",
      "funding": {
        "url": "https://paulmillr.com/funding/"
      }
    },
    "node_modules/@scure/base": {
      "version": "1.2.6",
      "resolved": "https://registry.npmjs.org/@scure/base/-/base-1.2.6.tgz",
      "integrity": "sha512-g/nm5FgUa//MCj1gV09zTJTaM6KBAHqLN907YVQqf7zC49+DcO4B1so4ZX07Ef10Twr6nuqYEH9GEggFXA4Fmg==",
      "license": "MIT",
      "funding": {
        "url": "https://paulmillr.com/funding/"
      }
    },
    "node_modules/@scure/bip32": {
      "version": "1.7.0",
      "resolved": "https://registry.npmjs.org/@scure/bip32/-/bip32-1.7.0.tgz",
      "integrity": "sha512-E4FFX/N3f4B80AKWp5dP6ow+flD1LQZo/w8UnLGYZO674jS6YnYeepycOOksv+vLPSpgN35wgKgy+ybfTb2SMw==",
      "license": "MIT",
      "dependencies": {
        "@noble/curves": "~1.9.0",
        "@noble/hashes": "~1.8.0",
        "@scure/base": "~1.2.5"
      },
      "funding": {
        "url": "https://paulmillr.com/funding/"
      }
    },
    "node_modules/@scure/bip39": {
      "version": "1.6.0",
      "resolved": "https://registry.npmjs.org/@scure/bip39/-/bip39-1.6.0.tgz",
      "integrity": "sha512-+lF0BbLiJNwVlev4eKelw1WWLaiKXw7sSl8T6FvBlWkdX+94aGJ4o8XjUdlyhTCjd8c+B3KT3JfS8P0bLRNU6A==",
      "license": "MIT",
      "dependencies": {
        "@noble/hashes": "~1.8.0",
        "@scure/base": "~1.2.5"
      },
      "funding": {
        "url": "https://paulmillr.com/funding/"
      }
    },
    "node_modules/lossless-json": {
      "version": "4.3.1",
      "resolved": "https://registry.npmjs.org/lossless-json/-/lossless-json-4.3.1.tgz",
      "integrity": "sha512-SqD/Bg3ZfltBJ2Z14hJ/BihnvtV553WO4g9/ePtlp4lrnl9jF3AdIJt53A/Wkg/0Li+LMfxaBqgx1MiFZdQlpQ==",
      "license": "MIT"
    }
  }
}
